
Microsoft Visual Studio Solution File, Format Version 11.00
# Visual Studio 2010
Project("{FAE04EC0-301F-11D3-BF4B-00C04F79EFBC}") = "NavMeshComponents", "NavMeshComponents.csproj", "{9143F3F9-B9FF-1F8E-7A98-A13FECFA44E2}"
EndProject
Project("{FAE04EC0-301F-11D3-BF4B-00C04F79EFBC}") = "Assembly-CSharp", "Assembly-CSharp.csproj", "{8B4E47C8-D2D1-05C2-E274-9B104C70A6BB}"
EndProject
Project("{FAE04EC0-301F-11D3-BF4B-00C04F79EFBC}") = "NavMeshComponentsEditor", "NavMeshComponentsEditor.csproj", "{77F7651F-4EC4-6D2E-43B2-5E3D87B1D1B5}"
EndProject
Global
	GlobalSection(SolutionConfigurationPlatforms) = preSolution
		Debug|Any CPU = Debug|Any CPU
		Release|Any CPU = Release|Any CPU
	EndGlobalSection
	GlobalSection(ProjectConfigurationPlatforms) = postSolution
		{9143F3F9-B9FF-1F8E-7A98-A13FECFA44E2}.Debug|Any CPU.ActiveCfg = Debug|Any CPU
		{9143F3F9-B9FF-1F8E-7A98-A13FECFA44E2}.Debug|Any CPU.Build.0 = Debug|Any CPU
		{9143F3F9-B9FF-1F8E-7A98-A13FECFA44E2}.Release|Any CPU.ActiveCfg = Release|Any CPU
		{9143F3F9-B9FF-1F8E-7A98-A13FECFA44E2}.Release|Any CPU.Build.0 = Release|Any CPU
		{8B4E47C8-D2D1-05C2-E274-9B104C70A6BB}.Debug|Any CPU.ActiveCfg = Debug|Any CPU
		{8B4E47C8-D2D1-05C2-E274-9B104C70A6BB}.Debug|Any CPU.Build.0 = Debug|Any CPU
		{8B4E47C8-D2D1-05C2-E274-9B104C70A6BB}.Release|Any CPU.ActiveCfg = Release|Any CPU
		{8B4E47C8-D2D1-05C2-E274-9B104C70A6BB}.Release|Any CPU.Build.0 = Release|Any CPU
		{77F7651F-4EC4-6D2E-43B2-5E3D87B1D1B5}.Debug|Any CPU.ActiveCfg = Debug|Any CPU
		{77F7651F-4EC4-6D2E-43B2-5E3D87B1D1B5}.Debug|Any CPU.Build.0 = Debug|Any CPU
		{77F7651F-4EC4-6D2E-43B2-5E3D87B1D1B5}.Release|Any CPU.ActiveCfg = Release|Any CPU
		{77F7651F-4EC4-6D2E-43B2-5E3D87B1D1B5}.Release|Any CPU.Build.0 = Release|Any CPU
	EndGlobalSection
	GlobalSection(SolutionProperties) = preSolution
		HideSolutionNode = FALSE
	EndGlobalSection
	GlobalSection(MonoDevelopProperties) = preSolution
		StartupItem = Assembly-CSharp.csproj
	EndGlobalSection
EndGlobal
